// !$*UTF8*$!
{
	archiveVersion = 1;
	classes = {
	};
	objectVersion = 55;
	objects = {

/* Begin PBXBuildFile section */
		3CC84355276FE0A200087539 /* BaseService.swift in Sources */ = {isa = PBXBuildFile; fileRef = 3CC84354276FE0A200087539 /* BaseService.swift */; };
		3CC84357276FE11500087539 /* Project.swift in Sources */ = {isa = PBXBuildFile; fileRef = 3CC84356276FE11500087539 /* Project.swift */; };
		3CC8435B276FE13000087539 /* IncomeExpense.swift in Sources */ = {isa = PBXBuildFile; fileRef = 3CC8435A276FE13000087539 /* IncomeExpense.swift */; };
		3CC8435D276FE13D00087539 /* Entry.swift in Sources */ = {isa = PBXBuildFile; fileRef = 3CC8435C276FE13D00087539 /* Entry.swift */; };
		3CC8435F276FE14B00087539 /* Item.swift in Sources */ = {isa = PBXBuildFile; fileRef = 3CC8435E276FE14B00087539 /* Item.swift */; };
		3CC84365276FE17200087539 /* User.swift in Sources */ = {isa = PBXBuildFile; fileRef = 3CC84364276FE17200087539 /* User.swift */; };
		D38216218576880CBBD33762 /* Pods_Ledger_iOS.framework in Frameworks */ = {isa = PBXBuildFile; fileRef = A6D06A5C7A73C2A3EF719628 /* Pods_Ledger_iOS.framework */; };
		D559D44C2792855F006116BA /* SceneDelegate.swift in Sources */ = {isa = PBXBuildFile; fileRef = D559D44B2792855F006116BA /* SceneDelegate.swift */; };
		D559D44F2792953A006116BA /* CoreComponenets.swift in Sources */ = {isa = PBXBuildFile; fileRef = D559D44E2792953A006116BA /* CoreComponenets.swift */; };
		D5645654278FEAA800B770AC /* UnitType.swift in Sources */ = {isa = PBXBuildFile; fileRef = D5645653278FEAA800B770AC /* UnitType.swift */; };
		D5749F0B27ACD93500E2DEAB /* ProjectsView.swift in Sources */ = {isa = PBXBuildFile; fileRef = D5749F0A27ACD93500E2DEAB /* ProjectsView.swift */; };
		D5B1193A2762C02000E8EFED /* Ledger_iOSApp.swift in Sources */ = {isa = PBXBuildFile; fileRef = D5B119392762C02000E8EFED /* Ledger_iOSApp.swift */; };
		D5B1193C2762C02000E8EFED /* MainView.swift in Sources */ = {isa = PBXBuildFile; fileRef = D5B1193B2762C02000E8EFED /* MainView.swift */; };
		D5B1193E2762C02100E8EFED /* Assets.xcassets in Resources */ = {isa = PBXBuildFile; fileRef = D5B1193D2762C02100E8EFED /* Assets.xcassets */; };
		D5B119412762C02100E8EFED /* Preview Assets.xcassets in Resources */ = {isa = PBXBuildFile; fileRef = D5B119402762C02100E8EFED /* Preview Assets.xcassets */; };
/* End PBXBuildFile section */

/* Begin PBXFileReference section */
		3CC84354276FE0A200087539 /* BaseService.swift */ = {isa = PBXFileReference; lastKnownFileType = sourcecode.swift; path = BaseService.swift; sourceTree = "<group>"; };
		3CC84356276FE11500087539 /* Project.swift */ = {isa = PBXFileReference; lastKnownFileType = sourcecode.swift; path = Project.swift; sourceTree = "<group>"; };
		3CC8435A276FE13000087539 /* IncomeExpense.swift */ = {isa = PBXFileReference; lastKnownFileType = sourcecode.swift; path = IncomeExpense.swift; sourceTree = "<group>"; };
		3CC8435C276FE13D00087539 /* Entry.swift */ = {isa = PBXFileReference; lastKnownFileType = sourcecode.swift; path = Entry.swift; sourceTree = "<group>"; };
		3CC8435E276FE14B00087539 /* Item.swift */ = {isa = PBXFileReference; lastKnownFileType = sourcecode.swift; path = Item.swift; sourceTree = "<group>"; };
		3CC84364276FE17200087539 /* User.swift */ = {isa = PBXFileReference; lastKnownFileType = sourcecode.swift; path = User.swift; sourceTree = "<group>"; };
		66BC0BAB5215A8B16FB8D5F7 /* Pods-Ledger_iOS.release.xcconfig */ = {isa = PBXFileReference; includeInIndex = 1; lastKnownFileType = text.xcconfig; name = "Pods-Ledger_iOS.release.xcconfig"; path = "Target Support Files/Pods-Ledger_iOS/Pods-Ledger_iOS.release.xcconfig"; sourceTree = "<group>"; };
		9B598A159B9DEF40418F1AB5 /* Pods-Ledger_iOS.debug.xcconfig */ = {isa = PBXFileReference; includeInIndex = 1; lastKnownFileType = text.xcconfig; name = "Pods-Ledger_iOS.debug.xcconfig"; path = "Target Support Files/Pods-Ledger_iOS/Pods-Ledger_iOS.debug.xcconfig"; sourceTree = "<group>"; };
		A6D06A5C7A73C2A3EF719628 /* Pods_Ledger_iOS.framework */ = {isa = PBXFileReference; explicitFileType = wrapper.framework; includeInIndex = 0; path = Pods_Ledger_iOS.framework; sourceTree = BUILT_PRODUCTS_DIR; };
		D559D44B2792855F006116BA /* SceneDelegate.swift */ = {isa = PBXFileReference; lastKnownFileType = sourcecode.swift; path = SceneDelegate.swift; sourceTree = "<group>"; };
		D559D44D279287B7006116BA /* Ledger-iOS-Info.plist */ = {isa = PBXFileReference; lastKnownFileType = text.plist; path = "Ledger-iOS-Info.plist"; sourceTree = SOURCE_ROOT; };
		D559D44E2792953A006116BA /* CoreComponenets.swift */ = {isa = PBXFileReference; lastKnownFileType = sourcecode.swift; path = CoreComponenets.swift; sourceTree = "<group>"; };
		D5645653278FEAA800B770AC /* UnitType.swift */ = {isa = PBXFileReference; lastKnownFileType = sourcecode.swift; path = UnitType.swift; sourceTree = "<group>"; };
		D5749F0A27ACD93500E2DEAB /* ProjectsView.swift */ = {isa = PBXFileReference; lastKnownFileType = sourcecode.swift; path = ProjectsView.swift; sourceTree = "<group>"; };
		D5B119362762C02000E8EFED /* Ledger_iOS.app */ = {isa = PBXFileReference; explicitFileType = wrapper.application; includeInIndex = 0; path = Ledger_iOS.app; sourceTree = BUILT_PRODUCTS_DIR; };
		D5B119392762C02000E8EFED /* Ledger_iOSApp.swift */ = {isa = PBXFileReference; lastKnownFileType = sourcecode.swift; path = Ledger_iOSApp.swift; sourceTree = "<group>"; };
		D5B1193B2762C02000E8EFED /* MainView.swift */ = {isa = PBXFileReference; lastKnownFileType = sourcecode.swift; path = MainView.swift; sourceTree = "<group>"; };
		D5B1193D2762C02100E8EFED /* Assets.xcassets */ = {isa = PBXFileReference; lastKnownFileType = folder.assetcatalog; path = Assets.xcassets; sourceTree = "<group>"; };
		D5B119402762C02100E8EFED /* Preview Assets.xcassets */ = {isa = PBXFileReference; lastKnownFileType = folder.assetcatalog; path = "Preview Assets.xcassets"; sourceTree = "<group>"; };
/* End PBXFileReference section */

/* Begin PBXFrameworksBuildPhase section */
		D5B119332762C02000E8EFED /* Frameworks */ = {
			isa = PBXFrameworksBuildPhase;
			buildActionMask = 2147483647;
			files = (
				D38216218576880CBBD33762 /* Pods_Ledger_iOS.framework in Frameworks */,
			);
			runOnlyForDeploymentPostprocessing = 0;
		};
/* End PBXFrameworksBuildPhase section */

/* Begin PBXGroup section */
		3CC84352276FE08600087539 /* Networking */ = {
			isa = PBXGroup;
			children = (
				3CC84354276FE0A200087539 /* BaseService.swift */,
			);
			path = Networking;
			sourceTree = "<group>";
		};
		3CC84353276FE09100087539 /* Models */ = {
			isa = PBXGroup;
			children = (
				3CC84364276FE17200087539 /* User.swift */,
				3CC84356276FE11500087539 /* Project.swift */,
				3CC8435E276FE14B00087539 /* Item.swift */,
				3CC8435C276FE13D00087539 /* Entry.swift */,
				D5645653278FEAA800B770AC /* UnitType.swift */,
				3CC8435A276FE13000087539 /* IncomeExpense.swift */,
			);
			path = Models;
			sourceTree = "<group>";
		};
		9BE67D12BB473EC5BB17708F /* Pods */ = {
			isa = PBXGroup;
			children = (
				9B598A159B9DEF40418F1AB5 /* Pods-Ledger_iOS.debug.xcconfig */,
				66BC0BAB5215A8B16FB8D5F7 /* Pods-Ledger_iOS.release.xcconfig */,
			);
			path = Pods;
			sourceTree = "<group>";
		};
		D5749F0927ACD90D00E2DEAB /* Views */ = {
			isa = PBXGroup;
			children = (
				D5B1193B2762C02000E8EFED /* MainView.swift */,
				D5749F0A27ACD93500E2DEAB /* ProjectsView.swift */,
			);
			path = Views;
			sourceTree = "<group>";
		};
		D5B1192D2762C02000E8EFED = {
			isa = PBXGroup;
			children = (
				3CC84353276FE09100087539 /* Models */,
				3CC84352276FE08600087539 /* Networking */,
				D5B119382762C02000E8EFED /* Ledger */,
				D5B119372762C02000E8EFED /* Products */,
				9BE67D12BB473EC5BB17708F /* Pods */,
				F43604D2D4C490B0B3393AC1 /* Frameworks */,
			);
			sourceTree = "<group>";
		};
		D5B119372762C02000E8EFED /* Products */ = {
			isa = PBXGroup;
			children = (
				D5B119362762C02000E8EFED /* Ledger_iOS.app */,
			);
			name = Products;
			sourceTree = "<group>";
		};
		D5B119382762C02000E8EFED /* Ledger */ = {
			isa = PBXGroup;
			children = (
				D5749F0927ACD90D00E2DEAB /* Views */,
				D559D44D279287B7006116BA /* Ledger-iOS-Info.plist */,
				D5B119392762C02000E8EFED /* Ledger_iOSApp.swift */,
				D5B1193D2762C02100E8EFED /* Assets.xcassets */,
				D5B1193F2762C02100E8EFED /* Preview Content */,
				D559D44B2792855F006116BA /* SceneDelegate.swift */,
				D559D44E2792953A006116BA /* CoreComponenets.swift */,
			);
			path = Ledger;
			sourceTree = "<group>";
		};
		D5B1193F2762C02100E8EFED /* Preview Content */ = {
			isa = PBXGroup;
			children = (
				D5B119402762C02100E8EFED /* Preview Assets.xcassets */,
			);
			path = "Preview Content";
			sourceTree = "<group>";
		};
		F43604D2D4C490B0B3393AC1 /* Frameworks */ = {
			isa = PBXGroup;
			children = (
				A6D06A5C7A73C2A3EF719628 /* Pods_Ledger_iOS.framework */,
			);
			name = Frameworks;
			sourceTree = "<group>";
		};
/* End PBXGroup section */

/* Begin PBXNativeTarget section */
		D5B119352762C02000E8EFED /* Ledger_iOS */ = {
			isa = PBXNativeTarget;
			buildConfigurationList = D5B119442762C02100E8EFED /* Build configuration list for PBXNativeTarget "Ledger_iOS" */;
			buildPhases = (
				AAF0682DE91E05503FD13D85 /* [CP] Check Pods Manifest.lock */,
				D5B119322762C02000E8EFED /* Sources */,
				D5B119332762C02000E8EFED /* Frameworks */,
				D5B119342762C02000E8EFED /* Resources */,
				E22CDAA2409D1FDF8B097FD7 /* [CP] Embed Pods Frameworks */,
			);
			buildRules = (
			);
			dependencies = (
			);
			name = Ledger_iOS;
			productName = Ledger_iOS;
			productReference = D5B119362762C02000E8EFED /* Ledger_iOS.app */;
			productType = "com.apple.product-type.application";
		};
/* End PBXNativeTarget section */

/* Begin PBXProject section */
		D5B1192E2762C02000E8EFED /* Project object */ = {
			isa = PBXProject;
			attributes = {
				BuildIndependentTargetsInParallel = 1;
				LastSwiftUpdateCheck = 1310;
				LastUpgradeCheck = 1310;
				TargetAttributes = {
					D5B119352762C02000E8EFED = {
						CreatedOnToolsVersion = 13.1;
					};
				};
			};
			buildConfigurationList = D5B119312762C02000E8EFED /* Build configuration list for PBXProject "Ledger_iOS" */;
			compatibilityVersion = "Xcode 13.0";
			developmentRegion = en;
			hasScannedForEncodings = 0;
			knownRegions = (
				en,
				Base,
			);
			mainGroup = D5B1192D2762C02000E8EFED;
			productRefGroup = D5B119372762C02000E8EFED /* Products */;
			projectDirPath = "";
			projectRoot = "";
			targets = (
				D5B119352762C02000E8EFED /* Ledger_iOS */,
			);
		};
/* End PBXProject section */

/* Begin PBXResourcesBuildPhase section */
		D5B119342762C02000E8EFED /* Resources */ = {
			isa = PBXResourcesBuildPhase;
			buildActionMask = 2147483647;
			files = (
				D5B119412762C02100E8EFED /* Preview Assets.xcassets in Resources */,
				D5B1193E2762C02100E8EFED /* Assets.xcassets in Resources */,
			);
			runOnlyForDeploymentPostprocessing = 0;
		};
/* End PBXResourcesBuildPhase section */

/* Begin PBXShellScriptBuildPhase section */
		AAF0682DE91E05503FD13D85 /* [CP] Check Pods Manifest.lock */ = {
			isa = PBXShellScriptBuildPhase;
			buildActionMask = 2147483647;
			files = (
			);
			inputFileListPaths = (
			);
			inputPaths = (
				"${PODS_PODFILE_DIR_PATH}/Podfile.lock",
				"${PODS_ROOT}/Manifest.lock",
			);
			name = "[CP] Check Pods Manifest.lock";
			outputFileListPaths = (
			);
			outputPaths = (
				"$(DERIVED_FILE_DIR)/Pods-Ledger_iOS-checkManifestLockResult.txt",
			);
			runOnlyForDeploymentPostprocessing = 0;
			shellPath = /bin/sh;
			shellScript = "diff \"${PODS_PODFILE_DIR_PATH}/Podfile.lock\" \"${PODS_ROOT}/Manifest.lock\" > /dev/null\nif [ $? != 0 ] ; then\n    # print error to STDERR\n    echo \"error: The sandbox is not in sync with the Podfile.lock. Run 'pod install' or update your CocoaPods installation.\" >&2\n    exit 1\nfi\n# This output is used by Xcode 'outputs' to avoid re-running this script phase.\necho \"SUCCESS\" > \"${SCRIPT_OUTPUT_FILE_0}\"\n";
			showEnvVarsInLog = 0;
		};
		E22CDAA2409D1FDF8B097FD7 /* [CP] Embed Pods Frameworks */ = {
			isa = PBXShellScriptBuildPhase;
			buildActionMask = 2147483647;
			files = (
			);
			inputFileListPaths = (
				"${PODS_ROOT}/Target Support Files/Pods-Ledger_iOS/Pods-Ledger_iOS-frameworks-${CONFIGURATION}-input-files.xcfilelist",
			);
			name = "[CP] Embed Pods Frameworks";
			outputFileListPaths = (
				"${PODS_ROOT}/Target Support Files/Pods-Ledger_iOS/Pods-Ledger_iOS-frameworks-${CONFIGURATION}-output-files.xcfilelist",
			);
			runOnlyForDeploymentPostprocessing = 0;
			shellPath = /bin/sh;
			shellScript = "\"${PODS_ROOT}/Target Support Files/Pods-Ledger_iOS/Pods-Ledger_iOS-frameworks.sh\"\n";
			showEnvVarsInLog = 0;
		};
/* End PBXShellScriptBuildPhase section */

/* Begin PBXSourcesBuildPhase section */
		D5B119322762C02000E8EFED /* Sources */ = {
			isa = PBXSourcesBuildPhase;
			buildActionMask = 2147483647;
			files = (
				3CC8435D276FE13D00087539 /* Entry.swift in Sources */,
				D5645654278FEAA800B770AC /* UnitType.swift in Sources */,
				3CC84357276FE11500087539 /* Project.swift in Sources */,
				D5B1193C2762C02000E8EFED /* MainView.swift in Sources */,
				3CC8435F276FE14B00087539 /* Item.swift in Sources */,
				D559D44C2792855F006116BA /* SceneDelegate.swift in Sources */,
				D5749F0B27ACD93500E2DEAB /* ProjectsView.swift in Sources */,
				D5B1193A2762C02000E8EFED /* Ledger_iOSApp.swift in Sources */,
				D559D44F2792953A006116BA /* CoreComponenets.swift in Sources */,
				3CC8435B276FE13000087539 /* IncomeExpense.swift in Sources */,
				3CC84355276FE0A200087539 /* BaseService.swift in Sources */,
				3CC84365276FE17200087539 /* User.swift in Sources */,
			);
			runOnlyForDeploymentPostprocessing = 0;
		};
/* End PBXSourcesBuildPhase section */

/* Begin XCBuildConfiguration section */
		D5B119422762C02100E8EFED /* Debug */ = {
			isa = XCBuildConfiguration;
			buildSettings = {
				ALWAYS_SEARCH_USER_PATHS = NO;
				CLANG_ANALYZER_NONNULL = YES;
				CLANG_ANALYZER_NUMBER_OBJECT_CONVERSION = YES_AGGRESSIVE;
				CLANG_CXX_LANGUAGE_STANDARD = "gnu++17";
				CLANG_CXX_LIBRARY = "libc++";
				CLANG_ENABLE_MODULES = YES;
				CLANG_ENABLE_OBJC_ARC = YES;
				CLANG_ENABLE_OBJC_WEAK = YES;
				CLANG_WARN_BLOCK_CAPTURE_AUTORELEASING = YES;
				CLANG_WARN_BOOL_CONVERSION = YES;
				CLANG_WARN_COMMA = YES;
				CLANG_WARN_CONSTANT_CONVERSION = YES;
				CLANG_WARN_DEPRECATED_OBJC_IMPLEMENTATIONS = YES;
				CLANG_WARN_DIRECT_OBJC_ISA_USAGE = YES_ERROR;
				CLANG_WARN_DOCUMENTATION_COMMENTS = YES;
				CLANG_WARN_EMPTY_BODY = YES;
				CLANG_WARN_ENUM_CONVERSION = YES;
				CLANG_WARN_INFINITE_RECURSION = YES;
				CLANG_WARN_INT_CONVERSION = YES;
				CLANG_WARN_NON_LITERAL_NULL_CONVERSION = YES;
				CLANG_WARN_OBJC_IMPLICIT_RETAIN_SELF = YES;
				CLANG_WARN_OBJC_LITERAL_CONVERSION = YES;
				CLANG_WARN_OBJC_ROOT_CLASS = YES_ERROR;
				CLANG_WARN_QUOTED_INCLUDE_IN_FRAMEWORK_HEADER = YES;
				CLANG_WARN_RANGE_LOOP_ANALYSIS = YES;
				CLANG_WARN_STRICT_PROTOTYPES = YES;
				CLANG_WARN_SUSPICIOUS_MOVE = YES;
				CLANG_WARN_UNGUARDED_AVAILABILITY = YES_AGGRESSIVE;
				CLANG_WARN_UNREACHABLE_CODE = YES;
				CLANG_WARN__DUPLICATE_METHOD_MATCH = YES;
				COPY_PHASE_STRIP = NO;
				DEBUG_INFORMATION_FORMAT = dwarf;
				ENABLE_STRICT_OBJC_MSGSEND = YES;
				ENABLE_TESTABILITY = YES;
				GCC_C_LANGUAGE_STANDARD = gnu11;
				GCC_DYNAMIC_NO_PIC = NO;
				GCC_NO_COMMON_BLOCKS = YES;
				GCC_OPTIMIZATION_LEVEL = 0;
				GCC_PREPROCESSOR_DEFINITIONS = (
					"DEBUG=1",
					"$(inherited)",
				);
				GCC_WARN_64_TO_32_BIT_CONVERSION = YES;
				GCC_WARN_ABOUT_RETURN_TYPE = YES_ERROR;
				GCC_WARN_UNDECLARED_SELECTOR = YES;
				GCC_WARN_UNINITIALIZED_AUTOS = YES_AGGRESSIVE;
				GCC_WARN_UNUSED_FUNCTION = YES;
				GCC_WARN_UNUSED_VARIABLE = YES;
				IPHONEOS_DEPLOYMENT_TARGET = 15.0;
				MTL_ENABLE_DEBUG_INFO = INCLUDE_SOURCE;
				MTL_FAST_MATH = YES;
				ONLY_ACTIVE_ARCH = YES;
				SDKROOT = iphoneos;
				SWIFT_ACTIVE_COMPILATION_CONDITIONS = DEBUG;
				SWIFT_OPTIMIZATION_LEVEL = "-Onone";
			};
			name = Debug;
		};
		D5B119432762C02100E8EFED /* Release */ = {
			isa = XCBuildConfiguration;
			buildSettings = {
				ALWAYS_SEARCH_USER_PATHS = NO;
				CLANG_ANALYZER_NONNULL = YES;
				CLANG_ANALYZER_NUMBER_OBJECT_CONVERSION = YES_AGGRESSIVE;
				CLANG_CXX_LANGUAGE_STANDARD = "gnu++17";
				CLANG_CXX_LIBRARY = "libc++";
				CLANG_ENABLE_MODULES = YES;
				CLANG_ENABLE_OBJC_ARC = YES;
				CLANG_ENABLE_OBJC_WEAK = YES;
				CLANG_WARN_BLOCK_CAPTURE_AUTORELEASING = YES;
				CLANG_WARN_BOOL_CONVERSION = YES;
				CLANG_WARN_COMMA = YES;
				CLANG_WARN_CONSTANT_CONVERSION = YES;
				CLANG_WARN_DEPRECATED_OBJC_IMPLEMENTATIONS = YES;
				CLANG_WARN_DIRECT_OBJC_ISA_USAGE = YES_ERROR;
				CLANG_WARN_DOCUMENTATION_COMMENTS = YES;
				CLANG_WARN_EMPTY_BODY = YES;
				CLANG_WARN_ENUM_CONVERSION = YES;
				CLANG_WARN_INFINITE_RECURSION = YES;
				CLANG_WARN_INT_CONVERSION = YES;
				CLANG_WARN_NON_LITERAL_NULL_CONVERSION = YES;
				CLANG_WARN_OBJC_IMPLICIT_RETAIN_SELF = YES;
				CLANG_WARN_OBJC_LITERAL_CONVERSION = YES;
				CLANG_WARN_OBJC_ROOT_CLASS = YES_ERROR;
				CLANG_WARN_QUOTED_INCLUDE_IN_FRAMEWORK_HEADER = YES;
				CLANG_WARN_RANGE_LOOP_ANALYSIS = YES;
				CLANG_WARN_STRICT_PROTOTYPES = YES;
				CLANG_WARN_SUSPICIOUS_MOVE = YES;
				CLANG_WARN_UNGUARDED_AVAILABILITY = YES_AGGRESSIVE;
				CLANG_WARN_UNREACHABLE_CODE = YES;
				CLANG_WARN__DUPLICATE_METHOD_MATCH = YES;
				COPY_PHASE_STRIP = NO;
				DEBUG_INFORMATION_FORMAT = "dwarf-with-dsym";
				ENABLE_NS_ASSERTIONS = NO;
				ENABLE_STRICT_OBJC_MSGSEND = YES;
				GCC_C_LANGUAGE_STANDARD = gnu11;
				GCC_NO_COMMON_BLOCKS = YES;
				GCC_WARN_64_TO_32_BIT_CONVERSION = YES;
				GCC_WARN_ABOUT_RETURN_TYPE = YES_ERROR;
				GCC_WARN_UNDECLARED_SELECTOR = YES;
				GCC_WARN_UNINITIALIZED_AUTOS = YES_AGGRESSIVE;
				GCC_WARN_UNUSED_FUNCTION = YES;
				GCC_WARN_UNUSED_VARIABLE = YES;
				IPHONEOS_DEPLOYMENT_TARGET = 15.0;
				MTL_ENABLE_DEBUG_INFO = NO;
				MTL_FAST_MATH = YES;
				SDKROOT = iphoneos;
				SWIFT_COMPILATION_MODE = wholemodule;
				SWIFT_OPTIMIZATION_LEVEL = "-O";
				VALIDATE_PRODUCT = YES;
			};
			name = Release;
		};
		D5B119452762C02100E8EFED /* Debug */ = {
			isa = XCBuildConfiguration;
			baseConfigurationReference = 9B598A159B9DEF40418F1AB5 /* Pods-Ledger_iOS.debug.xcconfig */;
			buildSettings = {
				ASSETCATALOG_COMPILER_APPICON_NAME = AppIcon;
				ASSETCATALOG_COMPILER_GLOBAL_ACCENT_COLOR_NAME = AccentColor;
				CODE_SIGN_STYLE = Automatic;
				CURRENT_PROJECT_VERSION = 1;
				DEVELOPMENT_ASSET_PATHS = "\"Ledger/Preview Content\"";
				DEVELOPMENT_TEAM = 2N39ZRN2FM;
				ENABLE_PREVIEWS = YES;
				GENERATE_INFOPLIST_FILE = YES;
				INFOPLIST_FILE = "Ledger-iOS-Info.plist";
				INFOPLIST_KEY_UIApplicationSupportsIndirectInputEvents = YES;
				INFOPLIST_KEY_UILaunchScreen_Generation = YES;
				INFOPLIST_KEY_UISupportedInterfaceOrientations_iPad = "UIInterfaceOrientationPortrait UIInterfaceOrientationPortraitUpsideDown UIInterfaceOrientationLandscapeLeft UIInterfaceOrientationLandscapeRight";
				INFOPLIST_KEY_UISupportedInterfaceOrientations_iPhone = "UIInterfaceOrientationPortrait UIInterfaceOrientationLandscapeLeft UIInterfaceOrientationLandscapeRight";
				LD_RUNPATH_SEARCH_PATHS = (
					"$(inherited)",
					"@executable_path/Frameworks",
				);
				MARKETING_VERSION = 1.0;
				PRODUCT_BUNDLE_IDENTIFIER = "Eldarrat-Chirchir.Ledger-iOS";
				PRODUCT_NAME = "$(TARGET_NAME)";
				SWIFT_EMIT_LOC_STRINGS = YES;
				SWIFT_VERSION = 5.0;
				TARGETED_DEVICE_FAMILY = "1,2";
			};
			name = Debug;
		};
		D5B119462762C02100E8EFED /* Release */ = {
			isa = XCBuildConfiguration;
			baseConfigurationReference = 66BC0BAB5215A8B16FB8D5F7 /* Pods-Ledger_iOS.release.xcconfig */;
			buildSettings = {
				ASSETCATALOG_COMPILER_APPICON_NAME = AppIcon;
				ASSETCATALOG_COMPILER_GLOBAL_ACCENT_COLOR_NAME = AccentColor;
				CODE_SIGN_STYLE = Automatic;
				CURRENT_PROJECT_VERSION = 1;
				DEVELOPMENT_ASSET_PATHS = "\"Ledger/Preview Content\"";
				DEVELOPMENT_TEAM = 2N39ZRN2FM;
				ENABLE_PREVIEWS = YES;
				GENERATE_INFOPLIST_FILE = YES;
				INFOPLIST_FILE = "Ledger-iOS-Info.plist";
				INFOPLIST_KEY_UIApplicationSupportsIndirectInputEvents = YES;
				INFOPLIST_KEY_UILaunchScreen_Generation = YES;
				INFOPLIST_KEY_UISupportedInterfaceOrientations_iPad = "UIInterfaceOrientationPortrait UIInterfaceOrientationPortraitUpsideDown UIInterfaceOrientationLandscapeLeft UIInterfaceOrientationLandscapeRight";
				INFOPLIST_KEY_UISupportedInterfaceOrientations_iPhone = "UIInterfaceOrientationPortrait UIInterfaceOrientationLandscapeLeft UIInterfaceOrientationLandscapeRight";
				LD_RUNPATH_SEARCH_PATHS = (
					"$(inherited)",
					"@executable_path/Frameworks",
				);
				MARKETING_VERSION = 1.0;
				PRODUCT_BUNDLE_IDENTIFIER = "Eldarrat-Chirchir.Ledger-iOS";
				PRODUCT_NAME = "$(TARGET_NAME)";
				SWIFT_EMIT_LOC_STRINGS = YES;
				SWIFT_VERSION = 5.0;
				TARGETED_DEVICE_FAMILY = "1,2";
			};
			name = Release;
		};
/* End XCBuildConfiguration section */

/* Begin XCConfigurationList section */
		D5B119312762C02000E8EFED /* Build configuration list for PBXProject "Ledger_iOS" */ = {
			isa = XCConfigurationList;
			buildConfigurations = (
				D5B119422762C02100E8EFED /* Debug */,
				D5B119432762C02100E8EFED /* Release */,
			);
			defaultConfigurationIsVisible = 0;
			defaultConfigurationName = Release;
		};
		D5B119442762C02100E8EFED /* Build configuration list for PBXNativeTarget "Ledger_iOS" */ = {
			isa = XCConfigurationList;
			buildConfigurations = (
				D5B119452762C02100E8EFED /* Debug */,
				D5B119462762C02100E8EFED /* Release */,
			);
			defaultConfigurationIsVisible = 0;
			defaultConfigurationName = Release;
		};
/* End XCConfigurationList section */
	};
	rootObject = D5B1192E2762C02000E8EFED /* Project object */;
}
